// !$*UTF8*$!
{
	archiveVersion = 1;
	classes = {
	};
	objectVersion = 51;
	objects = {

/* Begin PBXBuildFile section */
		5F8F4DEFF01BB34DE4A93B91 /* Pods_Learning.framework in Frameworks */ = {isa = PBXBuildFile; fileRef = 17C462D7E32398A68C4E75F9 /* Pods_Learning.framework */; };
		A31D6C972303D6A3007BB8AC /* Launch Screen.storyboard in Resources */ = {isa = PBXBuildFile; fileRef = A31D6C962303D6A3007BB8AC /* Launch Screen.storyboard */; };
		A31D6C9B2303ED97007BB8AC /* GGTopicViewController.m in Sources */ = {isa = PBXBuildFile; fileRef = A31D6C9A2303ED97007BB8AC /* GGTopicViewController.m */; };
		A31D6C9E2303EE32007BB8AC /* GGTopic.m in Sources */ = {isa = PBXBuildFile; fileRef = A31D6C9D2303EE32007BB8AC /* GGTopic.m */; };
		A31D6CA12303EE79007BB8AC /* GGComment.m in Sources */ = {isa = PBXBuildFile; fileRef = A31D6CA02303EE79007BB8AC /* GGComment.m */; };
		A31D6CA42303EE8F007BB8AC /* GGUser.m in Sources */ = {isa = PBXBuildFile; fileRef = A31D6CA32303EE8F007BB8AC /* GGUser.m */; };
		A31D6CA82303F108007BB8AC /* GGTopicCell.m in Sources */ = {isa = PBXBuildFile; fileRef = A31D6CA62303F108007BB8AC /* GGTopicCell.m */; };
		A31D6CA92303F108007BB8AC /* GGTopicCell.xib in Resources */ = {isa = PBXBuildFile; fileRef = A31D6CA72303F108007BB8AC /* GGTopicCell.xib */; };
		A31D6CAD23042C1F007BB8AC /* GGTopicContentView.m in Sources */ = {isa = PBXBuildFile; fileRef = A31D6CAC23042C1F007BB8AC /* GGTopicContentView.m */; };
		A31D6CB123042FDA007BB8AC /* GGSeeBigImageViewController.m in Sources */ = {isa = PBXBuildFile; fileRef = A31D6CAF23042FDA007BB8AC /* GGSeeBigImageViewController.m */; };
		A31D6CB223042FDA007BB8AC /* GGSeeBigImageViewController.xib in Resources */ = {isa = PBXBuildFile; fileRef = A31D6CB023042FDA007BB8AC /* GGSeeBigImageViewController.xib */; };
		A31D6CB5230434DF007BB8AC /* GGTopicPictureView.m in Sources */ = {isa = PBXBuildFile; fileRef = A31D6CB4230434DF007BB8AC /* GGTopicPictureView.m */; };
		A31D6CB7230434F3007BB8AC /* GGTopicPictureView.xib in Resources */ = {isa = PBXBuildFile; fileRef = A31D6CB6230434F3007BB8AC /* GGTopicPictureView.xib */; };
		A33D9BE7230638C7004A6DD3 /* Assets.xcassets in Resources */ = {isa = PBXBuildFile; fileRef = A33D9BE6230638C7004A6DD3 /* Assets.xcassets */; };
		A33D9BEA230651DB004A6DD3 /* GGVideo.m in Sources */ = {isa = PBXBuildFile; fileRef = A33D9BE9230651DB004A6DD3 /* GGVideo.m */; };
		A33D9BED23065E8E004A6DD3 /* GGImage.m in Sources */ = {isa = PBXBuildFile; fileRef = A33D9BEC23065E8E004A6DD3 /* GGImage.m */; };
		A33D9BF023065EA1004A6DD3 /* GGGif.m in Sources */ = {isa = PBXBuildFile; fileRef = A33D9BEF23065EA1004A6DD3 /* GGGif.m */; };
		A34F0A782303B83E0066BEB8 /* app_slogan_0101@3x.png in Resources */ = {isa = PBXBuildFile; fileRef = A34F0A752303B83E0066BEB8 /* app_slogan_0101@3x.png */; };
		A34F0A792303B83E0066BEB8 /* app_slogan_0101.png in Resources */ = {isa = PBXBuildFile; fileRef = A34F0A762303B83E0066BEB8 /* app_slogan_0101.png */; };
		A34F0A7A2303B83E0066BEB8 /* app_slogan_0101@2x.png in Resources */ = {isa = PBXBuildFile; fileRef = A34F0A772303B83E0066BEB8 /* app_slogan_0101@2x.png */; };
		A350672A2306AD560053324F /* GGExtensionConfig.m in Sources */ = {isa = PBXBuildFile; fileRef = A35067292306AD560053324F /* GGExtensionConfig.m */; };
		A371CD7B23028ECB0049E611 /* main.m in Sources */ = {isa = PBXBuildFile; fileRef = A371CD7A23028ECB0049E611 /* main.m */; };
		A371CD8523028ECB0049E611 /* LearningTests.m in Sources */ = {isa = PBXBuildFile; fileRef = A371CD8423028ECB0049E611 /* LearningTests.m */; };
		A371CD9023028ECB0049E611 /* LearningUITests.m in Sources */ = {isa = PBXBuildFile; fileRef = A371CD8F23028ECB0049E611 /* LearningUITests.m */; };
		A371CDB82302994E0049E611 /* AppDelegate.m in Sources */ = {isa = PBXBuildFile; fileRef = A371CD9E2302994E0049E611 /* AppDelegate.m */; };
		A371CDBB23029AC70049E611 /* GGTopWindow.m in Sources */ = {isa = PBXBuildFile; fileRef = A371CDBA23029AC70049E611 /* GGTopWindow.m */; };
		A371CDBE23029D0D0049E611 /* GGTopWindowViewController.m in Sources */ = {isa = PBXBuildFile; fileRef = A371CDBD23029D0D0049E611 /* GGTopWindowViewController.m */; };
		A371CDC12302A7490049E611 /* GGTabBarController.m in Sources */ = {isa = PBXBuildFile; fileRef = A371CDC02302A7490049E611 /* GGTabBarController.m */; };
		A371CDC72302AE0E0049E611 /* GGNavigationController.m in Sources */ = {isa = PBXBuildFile; fileRef = A371CDC62302AE0E0049E611 /* GGNavigationController.m */; };
		A371CDDD2302B2DC0049E611 /* GGHomeViewController.m in Sources */ = {isa = PBXBuildFile; fileRef = A371CDDC2302B2DC0049E611 /* GGHomeViewController.m */; };
		A371CDE02302B3300049E611 /* GGCommunityViewController.m in Sources */ = {isa = PBXBuildFile; fileRef = A371CDDF2302B3300049E611 /* GGCommunityViewController.m */; };
		A371CDE32302B3780049E611 /* GGFollowViewController.m in Sources */ = {isa = PBXBuildFile; fileRef = A371CDE22302B3780049E611 /* GGFollowViewController.m */; };
		A371CDE62302B3A30049E611 /* GGMeViewController.m in Sources */ = {isa = PBXBuildFile; fileRef = A371CDE52302B3A30049E611 /* GGMeViewController.m */; };
		A3AF9DAD23045D9400187C2C /* GGMyFooter.m in Sources */ = {isa = PBXBuildFile; fileRef = A3AF9DAC23045D9400187C2C /* GGMyFooter.m */; };
		A3AF9DB02304634F00187C2C /* GGRecommendViewController.m in Sources */ = {isa = PBXBuildFile; fileRef = A3AF9DAF2304634F00187C2C /* GGRecommendViewController.m */; };
		A3AF9DB32304637C00187C2C /* GGVideoViewController.m in Sources */ = {isa = PBXBuildFile; fileRef = A3AF9DB22304637C00187C2C /* GGVideoViewController.m */; };
		A3AF9DB62304639400187C2C /* GGPictureViewController.m in Sources */ = {isa = PBXBuildFile; fileRef = A3AF9DB52304639400187C2C /* GGPictureViewController.m */; };
		A3AF9DB9230463B900187C2C /* GGJokeViewController.m in Sources */ = {isa = PBXBuildFile; fileRef = A3AF9DB8230463B900187C2C /* GGJokeViewController.m */; };
		A3AF9DBC2304669A00187C2C /* GGTitleButton.m in Sources */ = {isa = PBXBuildFile; fileRef = A3AF9DBB2304669A00187C2C /* GGTitleButton.m */; };
		A3AF9DC32304D9AD00187C2C /* GGNewViewController.m in Sources */ = {isa = PBXBuildFile; fileRef = A3AF9DC22304D9AD00187C2C /* GGNewViewController.m */; };
		A3AF9DC7230535E500187C2C /* UINavigation+GGFixSpace.m in Sources */ = {isa = PBXBuildFile; fileRef = A3AF9DC6230535E500187C2C /* UINavigation+GGFixSpace.m */; };
		A3AF9DCA23054C0400187C2C /* GGTopicVideoView.m in Sources */ = {isa = PBXBuildFile; fileRef = A3AF9DC923054C0400187C2C /* GGTopicVideoView.m */; };
		A3AF9DCC23054C2300187C2C /* GGTopicVideoView.xib in Resources */ = {isa = PBXBuildFile; fileRef = A3AF9DCB23054C2300187C2C /* GGTopicVideoView.xib */; };
		A3AF9DCF23054C7900187C2C /* GGTopicJokeView.m in Sources */ = {isa = PBXBuildFile; fileRef = A3AF9DCE23054C7900187C2C /* GGTopicJokeView.m */; };
		A3AF9DD123054C9A00187C2C /* GGTopicJokeView.xib in Resources */ = {isa = PBXBuildFile; fileRef = A3AF9DD023054C9A00187C2C /* GGTopicJokeView.xib */; };
		A3AF9DD9230554C200187C2C /* GGPlayer.m in Sources */ = {isa = PBXBuildFile; fileRef = A3AF9DD3230554C200187C2C /* GGPlayer.m */; };
		A3AF9DDA230554C200187C2C /* NSBundle+GGPlayer.m in Sources */ = {isa = PBXBuildFile; fileRef = A3AF9DD6230554C200187C2C /* NSBundle+GGPlayer.m */; };
		A3AF9DDB230554C200187C2C /* GGPlayer.bundle in Resources */ = {isa = PBXBuildFile; fileRef = A3AF9DD8230554C200187C2C /* GGPlayer.bundle */; };
		A3DFBA232302C1D50006EEE3 /* GGTabBar.m in Sources */ = {isa = PBXBuildFile; fileRef = A3DFBA222302C1D50006EEE3 /* GGTabBar.m */; };
		A3DFBA272302C6120006EEE3 /* UIView+GGExtension.m in Sources */ = {isa = PBXBuildFile; fileRef = A3DFBA262302C6120006EEE3 /* UIView+GGExtension.m */; };
		A3DFBA382302CB850006EEE3 /* UIColor+GGExtension.m in Sources */ = {isa = PBXBuildFile; fileRef = A3DFBA282302CB820006EEE3 /* UIColor+GGExtension.m */; };
		A3DFBA392302CB850006EEE3 /* UITextField+GGExtension.m in Sources */ = {isa = PBXBuildFile; fileRef = A3DFBA292302CB830006EEE3 /* UITextField+GGExtension.m */; };
		A3DFBA3B2302CB850006EEE3 /* NSDate+GGExtension.m in Sources */ = {isa = PBXBuildFile; fileRef = A3DFBA2F2302CB830006EEE3 /* NSDate+GGExtension.m */; };
		A3DFBA3C2302CB850006EEE3 /* UIBarButtonItem+GGExtension.m in Sources */ = {isa = PBXBuildFile; fileRef = A3DFBA302302CB830006EEE3 /* UIBarButtonItem+GGExtension.m */; };
		A3DFBA3D2302CB850006EEE3 /* UIImageView+GGExtension.m in Sources */ = {isa = PBXBuildFile; fileRef = A3DFBA342302CB840006EEE3 /* UIImageView+GGExtension.m */; };
		A3DFBA3E2302CB850006EEE3 /* UIImage+GGExtension.m in Sources */ = {isa = PBXBuildFile; fileRef = A3DFBA352302CB840006EEE3 /* UIImage+GGExtension.m */; };
		A3DFBA3F2302CB850006EEE3 /* NSString+GGExtension.m in Sources */ = {isa = PBXBuildFile; fileRef = A3DFBA372302CB850006EEE3 /* NSString+GGExtension.m */; };
		A3DFBA422302D2150006EEE3 /* GGConst.m in Sources */ = {isa = PBXBuildFile; fileRef = A3DFBA412302D2150006EEE3 /* GGConst.m */; };
		CA348D3F7DFF56C83431E927 /* Pods_LearningUITests.framework in Frameworks */ = {isa = PBXBuildFile; fileRef = 235DBB869903B82994E4D7A4 /* Pods_LearningUITests.framework */; };
		CF689927CBA353777EEBA1B9 /* Pods_LearningTests.framework in Frameworks */ = {isa = PBXBuildFile; fileRef = B49B62BA2C6D611C79DAC814 /* Pods_LearningTests.framework */; };
/* End PBXBuildFile section */

/* Begin PBXContainerItemProxy section */
		A371CD8123028ECB0049E611 /* PBXContainerItemProxy */ = {
			isa = PBXContainerItemProxy;
			containerPortal = A371CD6023028EC90049E611 /* Project object */;
			proxyType = 1;
			remoteGlobalIDString = A371CD6723028EC90049E611;
			remoteInfo = Learning;
		};
		A371CD8C23028ECB0049E611 /* PBXContainerItemProxy */ = {
			isa = PBXContainerItemProxy;
			containerPortal = A371CD6023028EC90049E611 /* Project object */;
			proxyType = 1;
			remoteGlobalIDString = A371CD6723028EC90049E611;
			remoteInfo = Learning;
		};
/* End PBXContainerItemProxy section */

/* Begin PBXFileReference section */
		0006FFE2628E410E4B599EE9 /* Pods-LearningTests.release.xcconfig */ = {isa = PBXFileReference; includeInIndex = 1; lastKnownFileType = text.xcconfig; name = "Pods-LearningTests.release.xcconfig"; path = "Target Support Files/Pods-LearningTests/Pods-LearningTests.release.xcconfig"; sourceTree = "<group>"; };
		081923D1899F157C818042E1 /* Pods-LearningTests.debug.xcconfig */ = {isa = PBXFileReference; includeInIndex = 1; lastKnownFileType = text.xcconfig; name = "Pods-LearningTests.debug.xcconfig"; path = "Target Support Files/Pods-LearningTests/Pods-LearningTests.debug.xcconfig"; sourceTree = "<group>"; };
		17C462D7E32398A68C4E75F9 /* Pods_Learning.framework */ = {isa = PBXFileReference; explicitFileType = wrapper.framework; includeInIndex = 0; path = Pods_Learning.framework; sourceTree = BUILT_PRODUCTS_DIR; };
		1ED8E215F596919E54A4CE68 /* Pods-LearningUITests.release.xcconfig */ = {isa = PBXFileReference; includeInIndex = 1; lastKnownFileType = text.xcconfig; name = "Pods-LearningUITests.release.xcconfig"; path = "Target Support Files/Pods-LearningUITests/Pods-LearningUITests.release.xcconfig"; sourceTree = "<group>"; };
		235DBB869903B82994E4D7A4 /* Pods_LearningUITests.framework */ = {isa = PBXFileReference; explicitFileType = wrapper.framework; includeInIndex = 0; path = Pods_LearningUITests.framework; sourceTree = BUILT_PRODUCTS_DIR; };
		236B88DA3D6454BC24F6A380 /* Pods-Learning.release.xcconfig */ = {isa = PBXFileReference; includeInIndex = 1; lastKnownFileType = text.xcconfig; name = "Pods-Learning.release.xcconfig"; path = "Target Support Files/Pods-Learning/Pods-Learning.release.xcconfig"; sourceTree = "<group>"; };
		8EC177520E11C29A4F644E5D /* Pods-LearningUITests.debug.xcconfig */ = {isa = PBXFileReference; includeInIndex = 1; lastKnownFileType = text.xcconfig; name = "Pods-LearningUITests.debug.xcconfig"; path = "Target Support Files/Pods-LearningUITests/Pods-LearningUITests.debug.xcconfig"; sourceTree = "<group>"; };
		97B4597D732577E331FCF683 /* Pods-Learning.debug.xcconfig */ = {isa = PBXFileReference; includeInIndex = 1; lastKnownFileType = text.xcconfig; name = "Pods-Learning.debug.xcconfig"; path = "Target Support Files/Pods-Learning/Pods-Learning.debug.xcconfig"; sourceTree = "<group>"; };
		A31D6C962303D6A3007BB8AC /* Launch Screen.storyboard */ = {isa = PBXFileReference; lastKnownFileType = file.storyboard; path = "Launch Screen.storyboard"; sourceTree = "<group>"; };
		A31D6C992303ED97007BB8AC /* GGTopicViewController.h */ = {isa = PBXFileReference; lastKnownFileType = sourcecode.c.h; path = GGTopicViewController.h; sourceTree = "<group>"; };
		A31D6C9A2303ED97007BB8AC /* GGTopicViewController.m */ = {isa = PBXFileReference; lastKnownFileType = sourcecode.c.objc; path = GGTopicViewController.m; sourceTree = "<group>"; };
		A31D6C9C2303EE32007BB8AC /* GGTopic.h */ = {isa = PBXFileReference; lastKnownFileType = sourcecode.c.h; path = GGTopic.h; sourceTree = "<group>"; };
		A31D6C9D2303EE32007BB8AC /* GGTopic.m */ = {isa = PBXFileReference; lastKnownFileType = sourcecode.c.objc; path = GGTopic.m; sourceTree = "<group>"; };
		A31D6C9F2303EE79007BB8AC /* GGComment.h */ = {isa = PBXFileReference; lastKnownFileType = sourcecode.c.h; path = GGComment.h; sourceTree = "<group>"; };
		A31D6CA02303EE79007BB8AC /* GGComment.m */ = {isa = PBXFileReference; lastKnownFileType = sourcecode.c.objc; path = GGComment.m; sourceTree = "<group>"; };
		A31D6CA22303EE8F007BB8AC /* GGUser.h */ = {isa = PBXFileReference; lastKnownFileType = sourcecode.c.h; path = GGUser.h; sourceTree = "<group>"; };
		A31D6CA32303EE8F007BB8AC /* GGUser.m */ = {isa = PBXFileReference; lastKnownFileType = sourcecode.c.objc; path = GGUser.m; sourceTree = "<group>"; };
		A31D6CA52303F108007BB8AC /* GGTopicCell.h */ = {isa = PBXFileReference; lastKnownFileType = sourcecode.c.h; path = GGTopicCell.h; sourceTree = "<group>"; };
		A31D6CA62303F108007BB8AC /* GGTopicCell.m */ = {isa = PBXFileReference; lastKnownFileType = sourcecode.c.objc; path = GGTopicCell.m; sourceTree = "<group>"; };
		A31D6CA72303F108007BB8AC /* GGTopicCell.xib */ = {isa = PBXFileReference; lastKnownFileType = file.xib; path = GGTopicCell.xib; sourceTree = "<group>"; };
		A31D6CAB23042C1F007BB8AC /* GGTopicContentView.h */ = {isa = PBXFileReference; lastKnownFileType = sourcecode.c.h; path = GGTopicContentView.h; sourceTree = "<group>"; };
		A31D6CAC23042C1F007BB8AC /* GGTopicContentView.m */ = {isa = PBXFileReference; lastKnownFileType = sourcecode.c.objc; path = GGTopicContentView.m; sourceTree = "<group>"; };
		A31D6CAE23042FDA007BB8AC /* GGSeeBigImageViewController.h */ = {isa = PBXFileReference; lastKnownFileType = sourcecode.c.h; path = GGSeeBigImageViewController.h; sourceTree = "<group>"; };
		A31D6CAF23042FDA007BB8AC /* GGSeeBigImageViewController.m */ = {isa = PBXFileReference; lastKnownFileType = sourcecode.c.objc; path = GGSeeBigImageViewController.m; sourceTree = "<group>"; };
		A31D6CB023042FDA007BB8AC /* GGSeeBigImageViewController.xib */ = {isa = PBXFileReference; lastKnownFileType = file.xib; path = GGSeeBigImageViewController.xib; sourceTree = "<group>"; };
		A31D6CB3230434DF007BB8AC /* GGTopicPictureView.h */ = {isa = PBXFileReference; lastKnownFileType = sourcecode.c.h; path = GGTopicPictureView.h; sourceTree = "<group>"; };
		A31D6CB4230434DF007BB8AC /* GGTopicPictureView.m */ = {isa = PBXFileReference; lastKnownFileType = sourcecode.c.objc; path = GGTopicPictureView.m; sourceTree = "<group>"; };
		A31D6CB6230434F3007BB8AC /* GGTopicPictureView.xib */ = {isa = PBXFileReference; lastKnownFileType = file.xib; path = GGTopicPictureView.xib; sourceTree = "<group>"; };
		A33D9BE6230638C7004A6DD3 /* Assets.xcassets */ = {isa = PBXFileReference; lastKnownFileType = folder.assetcatalog; path = Assets.xcassets; sourceTree = "<group>"; };
		A33D9BE8230651DB004A6DD3 /* GGVideo.h */ = {isa = PBXFileReference; lastKnownFileType = sourcecode.c.h; path = GGVideo.h; sourceTree = "<group>"; };
		A33D9BE9230651DB004A6DD3 /* GGVideo.m */ = {isa = PBXFileReference; lastKnownFileType = sourcecode.c.objc; path = GGVideo.m; sourceTree = "<group>"; };
		A33D9BEB23065E8E004A6DD3 /* GGImage.h */ = {isa = PBXFileReference; lastKnownFileType = sourcecode.c.h; path = GGImage.h; sourceTree = "<group>"; };
		A33D9BEC23065E8E004A6DD3 /* GGImage.m */ = {isa = PBXFileReference; lastKnownFileType = sourcecode.c.objc; path = GGImage.m; sourceTree = "<group>"; };
		A33D9BEE23065EA1004A6DD3 /* GGGif.h */ = {isa = PBXFileReference; lastKnownFileType = sourcecode.c.h; path = GGGif.h; sourceTree = "<group>"; };
		A33D9BEF23065EA1004A6DD3 /* GGGif.m */ = {isa = PBXFileReference; lastKnownFileType = sourcecode.c.objc; path = GGGif.m; sourceTree = "<group>"; };
		A34F0A752303B83E0066BEB8 /* app_slogan_0101@3x.png */ = {isa = PBXFileReference; lastKnownFileType = image.png; path = "app_slogan_0101@3x.png"; sourceTree = "<group>"; };
		A34F0A762303B83E0066BEB8 /* app_slogan_0101.png */ = {isa = PBXFileReference; lastKnownFileType = image.png; path = app_slogan_0101.png; sourceTree = "<group>"; };
		A34F0A772303B83E0066BEB8 /* app_slogan_0101@2x.png */ = {isa = PBXFileReference; lastKnownFileType = image.png; path = "app_slogan_0101@2x.png"; sourceTree = "<group>"; };
		A35067282306AD560053324F /* GGExtensionConfig.h */ = {isa = PBXFileReference; lastKnownFileType = sourcecode.c.h; path = GGExtensionConfig.h; sourceTree = "<group>"; };
		A35067292306AD560053324F /* GGExtensionConfig.m */ = {isa = PBXFileReference; lastKnownFileType = sourcecode.c.objc; path = GGExtensionConfig.m; sourceTree = "<group>"; };
		A371CD6823028EC90049E611 /* Learning.app */ = {isa = PBXFileReference; explicitFileType = wrapper.application; includeInIndex = 0; path = Learning.app; sourceTree = BUILT_PRODUCTS_DIR; };
		A371CD7923028ECB0049E611 /* Info.plist */ = {isa = PBXFileReference; lastKnownFileType = text.plist.xml; path = Info.plist; sourceTree = "<group>"; };
		A371CD7A23028ECB0049E611 /* main.m */ = {isa = PBXFileReference; lastKnownFileType = sourcecode.c.objc; path = main.m; sourceTree = "<group>"; };
		A371CD8023028ECB0049E611 /* LearningTests.xctest */ = {isa = PBXFileReference; explicitFileType = wrapper.cfbundle; includeInIndex = 0; path = LearningTests.xctest; sourceTree = BUILT_PRODUCTS_DIR; };
		A371CD8423028ECB0049E611 /* LearningTests.m */ = {isa = PBXFileReference; lastKnownFileType = sourcecode.c.objc; path = LearningTests.m; sourceTree = "<group>"; };
		A371CD8623028ECB0049E611 /* Info.plist */ = {isa = PBXFileReference; lastKnownFileType = text.plist.xml; path = Info.plist; sourceTree = "<group>"; };
		A371CD8B23028ECB0049E611 /* LearningUITests.xctest */ = {isa = PBXFileReference; explicitFileType = wrapper.cfbundle; includeInIndex = 0; path = LearningUITests.xctest; sourceTree = BUILT_PRODUCTS_DIR; };
		A371CD8F23028ECB0049E611 /* LearningUITests.m */ = {isa = PBXFileReference; lastKnownFileType = sourcecode.c.objc; path = LearningUITests.m; sourceTree = "<group>"; };
		A371CD9123028ECB0049E611 /* Info.plist */ = {isa = PBXFileReference; lastKnownFileType = text.plist.xml; path = Info.plist; sourceTree = "<group>"; };
		A371CD9D2302994E0049E611 /* AppDelegate.h */ = {isa = PBXFileReference; fileEncoding = 4; lastKnownFileType = sourcecode.c.h; path = AppDelegate.h; sourceTree = "<group>"; };
		A371CD9E2302994E0049E611 /* AppDelegate.m */ = {isa = PBXFileReference; fileEncoding = 4; lastKnownFileType = sourcecode.c.objc; path = AppDelegate.m; sourceTree = "<group>"; };
		A371CDB923029AC70049E611 /* GGTopWindow.h */ = {isa = PBXFileReference; lastKnownFileType = sourcecode.c.h; path = GGTopWindow.h; sourceTree = "<group>"; };
		A371CDBA23029AC70049E611 /* GGTopWindow.m */ = {isa = PBXFileReference; lastKnownFileType = sourcecode.c.objc; path = GGTopWindow.m; sourceTree = "<group>"; };
		A371CDBC23029D0D0049E611 /* GGTopWindowViewController.h */ = {isa = PBXFileReference; lastKnownFileType = sourcecode.c.h; path = GGTopWindowViewController.h; sourceTree = "<group>"; };
		A371CDBD23029D0D0049E611 /* GGTopWindowViewController.m */ = {isa = PBXFileReference; lastKnownFileType = sourcecode.c.objc; path = GGTopWindowViewController.m; sourceTree = "<group>"; };
		A371CDBF2302A7490049E611 /* GGTabBarController.h */ = {isa = PBXFileReference; lastKnownFileType = sourcecode.c.h; path = GGTabBarController.h; sourceTree = "<group>"; };
		A371CDC02302A7490049E611 /* GGTabBarController.m */ = {isa = PBXFileReference; lastKnownFileType = sourcecode.c.objc; path = GGTabBarController.m; sourceTree = "<group>"; };
		A371CDC52302AE0D0049E611 /* GGNavigationController.h */ = {isa = PBXFileReference; fileEncoding = 4; lastKnownFileType = sourcecode.c.h; path = GGNavigationController.h; sourceTree = "<group>"; };
		A371CDC62302AE0E0049E611 /* GGNavigationController.m */ = {isa = PBXFileReference; fileEncoding = 4; lastKnownFileType = sourcecode.c.objc; path = GGNavigationController.m; sourceTree = "<group>"; };
		A371CDDB2302B2DC0049E611 /* GGHomeViewController.h */ = {isa = PBXFileReference; lastKnownFileType = sourcecode.c.h; path = GGHomeViewController.h; sourceTree = "<group>"; };
		A371CDDC2302B2DC0049E611 /* GGHomeViewController.m */ = {isa = PBXFileReference; lastKnownFileType = sourcecode.c.objc; path = GGHomeViewController.m; sourceTree = "<group>"; };
		A371CDDE2302B3300049E611 /* GGCommunityViewController.h */ = {isa = PBXFileReference; lastKnownFileType = sourcecode.c.h; path = GGCommunityViewController.h; sourceTree = "<group>"; };
		A371CDDF2302B3300049E611 /* GGCommunityViewController.m */ = {isa = PBXFileReference; lastKnownFileType = sourcecode.c.objc; path = GGCommunityViewController.m; sourceTree = "<group>"; };
		A371CDE12302B3780049E611 /* GGFollowViewController.h */ = {isa = PBXFileReference; lastKnownFileType = sourcecode.c.h; path = GGFollowViewController.h; sourceTree = "<group>"; };
		A371CDE22302B3780049E611 /* GGFollowViewController.m */ = {isa = PBXFileReference; lastKnownFileType = sourcecode.c.objc; path = GGFollowViewController.m; sourceTree = "<group>"; };
		A371CDE42302B3A30049E611 /* GGMeViewController.h */ = {isa = PBXFileReference; lastKnownFileType = sourcecode.c.h; path = GGMeViewController.h; sourceTree = "<group>"; };
		A371CDE52302B3A30049E611 /* GGMeViewController.m */ = {isa = PBXFileReference; lastKnownFileType = sourcecode.c.objc; path = GGMeViewController.m; sourceTree = "<group>"; };
		A3AF9DAB23045D9400187C2C /* GGMyFooter.h */ = {isa = PBXFileReference; lastKnownFileType = sourcecode.c.h; path = GGMyFooter.h; sourceTree = "<group>"; };
		A3AF9DAC23045D9400187C2C /* GGMyFooter.m */ = {isa = PBXFileReference; lastKnownFileType = sourcecode.c.objc; path = GGMyFooter.m; sourceTree = "<group>"; };
		A3AF9DAE2304634F00187C2C /* GGRecommendViewController.h */ = {isa = PBXFileReference; lastKnownFileType = sourcecode.c.h; path = GGRecommendViewController.h; sourceTree = "<group>"; };
		A3AF9DAF2304634F00187C2C /* GGRecommendViewController.m */ = {isa = PBXFileReference; lastKnownFileType = sourcecode.c.objc; path = GGRecommendViewController.m; sourceTree = "<group>"; };
		A3AF9DB12304637C00187C2C /* GGVideoViewController.h */ = {isa = PBXFileReference; lastKnownFileType = sourcecode.c.h; path = GGVideoViewController.h; sourceTree = "<group>"; };
		A3AF9DB22304637C00187C2C /* GGVideoViewController.m */ = {isa = PBXFileReference; lastKnownFileType = sourcecode.c.objc; path = GGVideoViewController.m; sourceTree = "<group>"; };
		A3AF9DB42304639400187C2C /* GGPictureViewController.h */ = {isa = PBXFileReference; lastKnownFileType = sourcecode.c.h; path = GGPictureViewController.h; sourceTree = "<group>"; };
		A3AF9DB52304639400187C2C /* GGPictureViewController.m */ = {isa = PBXFileReference; lastKnownFileType = sourcecode.c.objc; path = GGPictureViewController.m; sourceTree = "<group>"; };
		A3AF9DB7230463B900187C2C /* GGJokeViewController.h */ = {isa = PBXFileReference; lastKnownFileType = sourcecode.c.h; path = GGJokeViewController.h; sourceTree = "<group>"; };
		A3AF9DB8230463B900187C2C /* GGJokeViewController.m */ = {isa = PBXFileReference; lastKnownFileType = sourcecode.c.objc; path = GGJokeViewController.m; sourceTree = "<group>"; };
		A3AF9DBA2304669A00187C2C /* GGTitleButton.h */ = {isa = PBXFileReference; lastKnownFileType = sourcecode.c.h; path = GGTitleButton.h; sourceTree = "<group>"; };
		A3AF9DBB2304669A00187C2C /* GGTitleButton.m */ = {isa = PBXFileReference; lastKnownFileType = sourcecode.c.objc; path = GGTitleButton.m; sourceTree = "<group>"; };
		A3AF9DC12304D9AD00187C2C /* GGNewViewController.h */ = {isa = PBXFileReference; lastKnownFileType = sourcecode.c.h; path = GGNewViewController.h; sourceTree = "<group>"; };
		A3AF9DC22304D9AD00187C2C /* GGNewViewController.m */ = {isa = PBXFileReference; lastKnownFileType = sourcecode.c.objc; path = GGNewViewController.m; sourceTree = "<group>"; };
		A3AF9DC5230535E500187C2C /* UINavigation+GGFixSpace.h */ = {isa = PBXFileReference; lastKnownFileType = sourcecode.c.h; path = "UINavigation+GGFixSpace.h"; sourceTree = "<group>"; };
		A3AF9DC6230535E500187C2C /* UINavigation+GGFixSpace.m */ = {isa = PBXFileReference; lastKnownFileType = sourcecode.c.objc; path = "UINavigation+GGFixSpace.m"; sourceTree = "<group>"; };
		A3AF9DC823054C0400187C2C /* GGTopicVideoView.h */ = {isa = PBXFileReference; lastKnownFileType = sourcecode.c.h; path = GGTopicVideoView.h; sourceTree = "<group>"; };
		A3AF9DC923054C0400187C2C /* GGTopicVideoView.m */ = {isa = PBXFileReference; lastKnownFileType = sourcecode.c.objc; path = GGTopicVideoView.m; sourceTree = "<group>"; };
		A3AF9DCB23054C2300187C2C /* GGTopicVideoView.xib */ = {isa = PBXFileReference; lastKnownFileType = file.xib; path = GGTopicVideoView.xib; sourceTree = "<group>"; };
		A3AF9DCD23054C7900187C2C /* GGTopicJokeView.h */ = {isa = PBXFileReference; lastKnownFileType = sourcecode.c.h; path = GGTopicJokeView.h; sourceTree = "<group>"; };
		A3AF9DCE23054C7900187C2C /* GGTopicJokeView.m */ = {isa = PBXFileReference; lastKnownFileType = sourcecode.c.objc; path = GGTopicJokeView.m; sourceTree = "<group>"; };
		A3AF9DD023054C9A00187C2C /* GGTopicJokeView.xib */ = {isa = PBXFileReference; lastKnownFileType = file.xib; path = GGTopicJokeView.xib; sourceTree = "<group>"; };
		A3AF9DD3230554C200187C2C /* GGPlayer.m */ = {isa = PBXFileReference; fileEncoding = 4; lastKnownFileType = sourcecode.c.objc; path = GGPlayer.m; sourceTree = "<group>"; };
		A3AF9DD4230554C200187C2C /* NSBundle+GGPlayer.h */ = {isa = PBXFileReference; fileEncoding = 4; lastKnownFileType = sourcecode.c.h; path = "NSBundle+GGPlayer.h"; sourceTree = "<group>"; };
		A3AF9DD5230554C200187C2C /* GGPlayer.h */ = {isa = PBXFileReference; fileEncoding = 4; lastKnownFileType = sourcecode.c.h; path = GGPlayer.h; sourceTree = "<group>"; };
		A3AF9DD6230554C200187C2C /* NSBundle+GGPlayer.m */ = {isa = PBXFileReference; fileEncoding = 4; lastKnownFileType = sourcecode.c.objc; path = "NSBundle+GGPlayer.m"; sourceTree = "<group>"; };
		A3AF9DD8230554C200187C2C /* GGPlayer.bundle */ = {isa = PBXFileReference; lastKnownFileType = "wrapper.plug-in"; path = GGPlayer.bundle; sourceTree = "<group>"; };
		A3CA76672302E2A8006BBAC7 /* Learning-Prefix.pch */ = {isa = PBXFileReference; lastKnownFileType = sourcecode.c.h; path = "Learning-Prefix.pch"; sourceTree = "<group>"; };
		A3CA76682302E5A4006BBAC7 /* GGSingleton.h */ = {isa = PBXFileReference; lastKnownFileType = sourcecode.c.h; path = GGSingleton.h; sourceTree = "<group>"; };
		A3CA76692302E5A4006BBAC7 /* GGSingleton-ARC.h */ = {isa = PBXFileReference; lastKnownFileType = sourcecode.c.h; path = "GGSingleton-ARC.h"; sourceTree = "<group>"; };
		A3CA766A2302E5A4006BBAC7 /* GGSingleton-MRC.h */ = {isa = PBXFileReference; lastKnownFileType = sourcecode.c.h; path = "GGSingleton-MRC.h"; sourceTree = "<group>"; };
		A3DFBA212302C1D50006EEE3 /* GGTabBar.h */ = {isa = PBXFileReference; lastKnownFileType = sourcecode.c.h; path = GGTabBar.h; sourceTree = "<group>"; };
		A3DFBA222302C1D50006EEE3 /* GGTabBar.m */ = {isa = PBXFileReference; lastKnownFileType = sourcecode.c.objc; path = GGTabBar.m; sourceTree = "<group>"; };
		A3DFBA252302C6120006EEE3 /* UIView+GGExtension.h */ = {isa = PBXFileReference; lastKnownFileType = sourcecode.c.h; path = "UIView+GGExtension.h"; sourceTree = "<group>"; };
		A3DFBA262302C6120006EEE3 /* UIView+GGExtension.m */ = {isa = PBXFileReference; lastKnownFileType = sourcecode.c.objc; path = "UIView+GGExtension.m"; sourceTree = "<group>"; };
		A3DFBA282302CB820006EEE3 /* UIColor+GGExtension.m */ = {isa = PBXFileReference; fileEncoding = 4; lastKnownFileType = sourcecode.c.objc; path = "UIColor+GGExtension.m"; sourceTree = "<group>"; };
		A3DFBA292302CB830006EEE3 /* UITextField+GGExtension.m */ = {isa = PBXFileReference; fileEncoding = 4; lastKnownFileType = sourcecode.c.objc; path = "UITextField+GGExtension.m"; sourceTree = "<group>"; };
		A3DFBA2A2302CB830006EEE3 /* UIBarButtonItem+GGExtension.h */ = {isa = PBXFileReference; fileEncoding = 4; lastKnownFileType = sourcecode.c.h; path = "UIBarButtonItem+GGExtension.h"; sourceTree = "<group>"; };
		A3DFBA2B2302CB830006EEE3 /* UIColor+GGExtension.h */ = {isa = PBXFileReference; fileEncoding = 4; lastKnownFileType = sourcecode.c.h; path = "UIColor+GGExtension.h"; sourceTree = "<group>"; };
		A3DFBA2C2302CB830006EEE3 /* UITextField+GGExtension.h */ = {isa = PBXFileReference; fileEncoding = 4; lastKnownFileType = sourcecode.c.h; path = "UITextField+GGExtension.h"; sourceTree = "<group>"; };
		A3DFBA2E2302CB830006EEE3 /* UIImage+GGExtension.h */ = {isa = PBXFileReference; fileEncoding = 4; lastKnownFileType = sourcecode.c.h; path = "UIImage+GGExtension.h"; sourceTree = "<group>"; };
		A3DFBA2F2302CB830006EEE3 /* NSDate+GGExtension.m */ = {isa = PBXFileReference; fileEncoding = 4; lastKnownFileType = sourcecode.c.objc; path = "NSDate+GGExtension.m"; sourceTree = "<group>"; };
		A3DFBA302302CB830006EEE3 /* UIBarButtonItem+GGExtension.m */ = {isa = PBXFileReference; fileEncoding = 4; lastKnownFileType = sourcecode.c.objc; path = "UIBarButtonItem+GGExtension.m"; sourceTree = "<group>"; };
		A3DFBA322302CB840006EEE3 /* NSDate+GGExtension.h */ = {isa = PBXFileReference; fileEncoding = 4; lastKnownFileType = sourcecode.c.h; path = "NSDate+GGExtension.h"; sourceTree = "<group>"; };
		A3DFBA332302CB840006EEE3 /* NSString+GGExtension.h */ = {isa = PBXFileReference; fileEncoding = 4; lastKnownFileType = sourcecode.c.h; path = "NSString+GGExtension.h"; sourceTree = "<group>"; };
		A3DFBA342302CB840006EEE3 /* UIImageView+GGExtension.m */ = {isa = PBXFileReference; fileEncoding = 4; lastKnownFileType = sourcecode.c.objc; path = "UIImageView+GGExtension.m"; sourceTree = "<group>"; };
		A3DFBA352302CB840006EEE3 /* UIImage+GGExtension.m */ = {isa = PBXFileReference; fileEncoding = 4; lastKnownFileType = sourcecode.c.objc; path = "UIImage+GGExtension.m"; sourceTree = "<group>"; };
		A3DFBA362302CB840006EEE3 /* UIImageView+GGExtension.h */ = {isa = PBXFileReference; fileEncoding = 4; lastKnownFileType = sourcecode.c.h; path = "UIImageView+GGExtension.h"; sourceTree = "<group>"; };
		A3DFBA372302CB850006EEE3 /* NSString+GGExtension.m */ = {isa = PBXFileReference; fileEncoding = 4; lastKnownFileType = sourcecode.c.objc; path = "NSString+GGExtension.m"; sourceTree = "<group>"; };
		A3DFBA402302D2150006EEE3 /* GGConst.h */ = {isa = PBXFileReference; lastKnownFileType = sourcecode.c.h; path = GGConst.h; sourceTree = "<group>"; };
		A3DFBA412302D2150006EEE3 /* GGConst.m */ = {isa = PBXFileReference; lastKnownFileType = sourcecode.c.objc; path = GGConst.m; sourceTree = "<group>"; };
		B49B62BA2C6D611C79DAC814 /* Pods_LearningTests.framework */ = {isa = PBXFileReference; explicitFileType = wrapper.framework; includeInIndex = 0; path = Pods_LearningTests.framework; sourceTree = BUILT_PRODUCTS_DIR; };
/* End PBXFileReference section */

/* Begin PBXFrameworksBuildPhase section */
		A371CD6523028EC90049E611 /* Frameworks */ = {
			isa = PBXFrameworksBuildPhase;
			buildActionMask = 2147483647;
			files = (
				5F8F4DEFF01BB34DE4A93B91 /* Pods_Learning.framework in Frameworks */,
			);
			runOnlyForDeploymentPostprocessing = 0;
		};
		A371CD7D23028ECB0049E611 /* Frameworks */ = {
			isa = PBXFrameworksBuildPhase;
			buildActionMask = 2147483647;
			files = (
				CF689927CBA353777EEBA1B9 /* Pods_LearningTests.framework in Frameworks */,
			);
			runOnlyForDeploymentPostprocessing = 0;
		};
		A371CD8823028ECB0049E611 /* Frameworks */ = {
			isa = PBXFrameworksBuildPhase;
			buildActionMask = 2147483647;
			files = (
				CA348D3F7DFF56C83431E927 /* Pods_LearningUITests.framework in Frameworks */,
			);
			runOnlyForDeploymentPostprocessing = 0;
		};
/* End PBXFrameworksBuildPhase section */

/* Begin PBXGroup section */
		1713A102063DD7F44D19AA5B /* Pods */ = {
			isa = PBXGroup;
			children = (
				97B4597D732577E331FCF683 /* Pods-Learning.debug.xcconfig */,
				236B88DA3D6454BC24F6A380 /* Pods-Learning.release.xcconfig */,
				081923D1899F157C818042E1 /* Pods-LearningTests.debug.xcconfig */,
				0006FFE2628E410E4B599EE9 /* Pods-LearningTests.release.xcconfig */,
				8EC177520E11C29A4F644E5D /* Pods-LearningUITests.debug.xcconfig */,
				1ED8E215F596919E54A4CE68 /* Pods-LearningUITests.release.xcconfig */,
			);
			path = Pods;
			sourceTree = "<group>";
		};
		7BD89D642D37F74F164CFE94 /* Frameworks */ = {
			isa = PBXGroup;
			children = (
				17C462D7E32398A68C4E75F9 /* Pods_Learning.framework */,
				B49B62BA2C6D611C79DAC814 /* Pods_LearningTests.framework */,
				235DBB869903B82994E4D7A4 /* Pods_LearningUITests.framework */,
			);
			name = Frameworks;
			sourceTree = "<group>";
		};
		A31D6C982303ED41007BB8AC /* Topic */ = {
			isa = PBXGroup;
			children = (
				A31D6C992303ED97007BB8AC /* GGTopicViewController.h */,
				A31D6C9A2303ED97007BB8AC /* GGTopicViewController.m */,
				A3AF9DAE2304634F00187C2C /* GGRecommendViewController.h */,
				A3AF9DAF2304634F00187C2C /* GGRecommendViewController.m */,
				A3AF9DB12304637C00187C2C /* GGVideoViewController.h */,
				A3AF9DB22304637C00187C2C /* GGVideoViewController.m */,
				A3AF9DB42304639400187C2C /* GGPictureViewController.h */,
				A3AF9DB52304639400187C2C /* GGPictureViewController.m */,
				A3AF9DB7230463B900187C2C /* GGJokeViewController.h */,
				A3AF9DB8230463B900187C2C /* GGJokeViewController.m */,
			);
			path = Topic;
			sourceTree = "<group>";
		};
		A31D6CAA23042BE3007BB8AC /* Content */ = {
			isa = PBXGroup;
			children = (
				A31D6CAB23042C1F007BB8AC /* GGTopicContentView.h */,
				A31D6CAC23042C1F007BB8AC /* GGTopicContentView.m */,
				A31D6CB3230434DF007BB8AC /* GGTopicPictureView.h */,
				A31D6CB4230434DF007BB8AC /* GGTopicPictureView.m */,
				A31D6CB6230434F3007BB8AC /* GGTopicPictureView.xib */,
				A3AF9DC823054C0400187C2C /* GGTopicVideoView.h */,
				A3AF9DC923054C0400187C2C /* GGTopicVideoView.m */,
				A3AF9DCB23054C2300187C2C /* GGTopicVideoView.xib */,
				A3AF9DCD23054C7900187C2C /* GGTopicJokeView.h */,
				A3AF9DCE23054C7900187C2C /* GGTopicJokeView.m */,
				A3AF9DD023054C9A00187C2C /* GGTopicJokeView.xib */,
			);
			path = Content;
			sourceTree = "<group>";
		};
		A371CD5F23028EC90049E611 = {
			isa = PBXGroup;
			children = (
				A371CD6A23028EC90049E611 /* Learning */,
				A371CD8323028ECB0049E611 /* LearningTests */,
				A371CD8E23028ECB0049E611 /* LearningUITests */,
				A371CD6923028EC90049E611 /* Products */,
				1713A102063DD7F44D19AA5B /* Pods */,
				7BD89D642D37F74F164CFE94 /* Frameworks */,
			);
			sourceTree = "<group>";
		};
		A371CD6923028EC90049E611 /* Products */ = {
			isa = PBXGroup;
			children = (
				A371CD6823028EC90049E611 /* Learning.app */,
				A371CD8023028ECB0049E611 /* LearningTests.xctest */,
				A371CD8B23028ECB0049E611 /* LearningUITests.xctest */,
			);
			name = Products;
			sourceTree = "<group>";
		};
		A371CD6A23028EC90049E611 /* Learning */ = {
			isa = PBXGroup;
			children = (
				A33D9BE6230638C7004A6DD3 /* Assets.xcassets */,
				A371CD7A23028ECB0049E611 /* main.m */,
				A371CD9D2302994E0049E611 /* AppDelegate.h */,
				A371CD9E2302994E0049E611 /* AppDelegate.m */,
				A371CD7923028ECB0049E611 /* Info.plist */,
				A3CA76672302E2A8006BBAC7 /* Learning-Prefix.pch */,
				A31D6C962303D6A3007BB8AC /* Launch Screen.storyboard */,
				A371CD9F2302994E0049E611 /* Classes */,
				A3AF9DA52304540400187C2C /* Util */,
				A3DFBA202302B9000006EEE3 /* Resources */,
				A3DFBA1F2302B8EA0006EEE3 /* Images */,
				A3AF9DA4230453E800187C2C /* Vendor */,
			);
			path = Learning;
			sourceTree = "<group>";
		};
		A371CD8323028ECB0049E611 /* LearningTests */ = {
			isa = PBXGroup;
			children = (
				A371CD8423028ECB0049E611 /* LearningTests.m */,
				A371CD8623028ECB0049E611 /* Info.plist */,
			);
			path = LearningTests;
			sourceTree = "<group>";
		};
		A371CD8E23028ECB0049E611 /* LearningUITests */ = {
			isa = PBXGroup;
			children = (
				A371CD8F23028ECB0049E611 /* LearningUITests.m */,
				A371CD9123028ECB0049E611 /* Info.plist */,
			);
			path = LearningUITests;
			sourceTree = "<group>";
		};
		A371CD9F2302994E0049E611 /* Classes */ = {
			isa = PBXGroup;
			children = (
				A371CDB42302994E0049E611 /* Main */,
				A371CDC82302B0630049E611 /* Home */,
				A371CDB02302994E0049E611 /* Community */,
				A371CDA42302994E0049E611 /* Publish */,
				A371CDA02302994E0049E611 /* Follow */,
				A371CDAC2302994E0049E611 /* Me */,
				A3AF9DBD2304D81600187C2C /* New */,
			);
			path = Classes;
			sourceTree = "<group>";
		};
		A371CDA02302994E0049E611 /* Follow */ = {
			isa = PBXGroup;
			children = (
				A371CDA12302994E0049E611 /* Controller */,
				A371CDA22302994E0049E611 /* Model */,
				A371CDA32302994E0049E611 /* View */,
			);
			path = Follow;
			sourceTree = "<group>";
		};
		A371CDA12302994E0049E611 /* Controller */ = {
			isa = PBXGroup;
			children = (
				A371CDE12302B3780049E611 /* GGFollowViewController.h */,
				A371CDE22302B3780049E611 /* GGFollowViewController.m */,
			);
			path = Controller;
			sourceTree = "<group>";
		};
		A371CDA22302994E0049E611 /* Model */ = {
			isa = PBXGroup;
			children = (
			);
			path = Model;
			sourceTree = "<group>";
		};
		A371CDA32302994E0049E611 /* View */ = {
			isa = PBXGroup;
			children = (
			);
			path = View;
			sourceTree = "<group>";
		};
		A371CDA42302994E0049E611 /* Publish */ = {
			isa = PBXGroup;
			children = (
				A371CDA52302994E0049E611 /* Controller */,
				A371CDA62302994E0049E611 /* Model */,
				A371CDA72302994E0049E611 /* View */,
			);
			path = Publish;
			sourceTree = "<group>";
		};
		A371CDA52302994E0049E611 /* Controller */ = {
			isa = PBXGroup;
			children = (
			);
			path = Controller;
			sourceTree = "<group>";
		};
		A371CDA62302994E0049E611 /* Model */ = {
			isa = PBXGroup;
			children = (
			);
			path = Model;
			sourceTree = "<group>";
		};
		A371CDA72302994E0049E611 /* View */ = {
			isa = PBXGroup;
			children = (
			);
			path = View;
			sourceTree = "<group>";
		};
		A371CDAC2302994E0049E611 /* Me */ = {
			isa = PBXGroup;
			children = (
				A371CDAD2302994E0049E611 /* Controller */,
				A371CDAE2302994E0049E611 /* Model */,
				A371CDAF2302994E0049E611 /* View */,
			);
			path = Me;
			sourceTree = "<group>";
		};
		A371CDAD2302994E0049E611 /* Controller */ = {
			isa = PBXGroup;
			children = (
				A371CDE42302B3A30049E611 /* GGMeViewController.h */,
				A371CDE52302B3A30049E611 /* GGMeViewController.m */,
			);
			path = Controller;
			sourceTree = "<group>";
		};
		A371CDAE2302994E0049E611 /* Model */ = {
			isa = PBXGroup;
			children = (
			);
			path = Model;
			sourceTree = "<group>";
		};
		A371CDAF2302994E0049E611 /* View */ = {
			isa = PBXGroup;
			children = (
			);
			path = View;
			sourceTree = "<group>";
		};
		A371CDB02302994E0049E611 /* Community */ = {
			isa = PBXGroup;
			children = (
				A371CDB12302994E0049E611 /* Controller */,
				A371CDB22302994E0049E611 /* Model */,
				A371CDB32302994E0049E611 /* View */,
			);
			path = Community;
			sourceTree = "<group>";
		};
		A371CDB12302994E0049E611 /* Controller */ = {
			isa = PBXGroup;
			children = (
				A371CDDE2302B3300049E611 /* GGCommunityViewController.h */,
				A371CDDF2302B3300049E611 /* GGCommunityViewController.m */,
			);
			path = Controller;
			sourceTree = "<group>";
		};
		A371CDB22302994E0049E611 /* Model */ = {
			isa = PBXGroup;
			children = (
			);
			path = Model;
			sourceTree = "<group>";
		};
		A371CDB32302994E0049E611 /* View */ = {
			isa = PBXGroup;
			children = (
			);
			path = View;
			sourceTree = "<group>";
		};
		A371CDB42302994E0049E611 /* Main */ = {
			isa = PBXGroup;
			children = (
				A371CDB62302994E0049E611 /* Model */,
				A371CDB72302994E0049E611 /* View */,
				A371CDB52302994E0049E611 /* Controller */,
				A3DFBA402302D2150006EEE3 /* GGConst.h */,
				A3DFBA412302D2150006EEE3 /* GGConst.m */,
				A3CA76692302E5A4006BBAC7 /* GGSingleton-ARC.h */,
				A3CA766A2302E5A4006BBAC7 /* GGSingleton-MRC.h */,
				A3CA76682302E5A4006BBAC7 /* GGSingleton.h */,
			);
			path = Main;
			sourceTree = "<group>";
		};
		A371CDB52302994E0049E611 /* Controller */ = {
			isa = PBXGroup;
			children = (
				A371CDC52302AE0D0049E611 /* GGNavigationController.h */,
				A371CDC62302AE0E0049E611 /* GGNavigationController.m */,
				A371CDBC23029D0D0049E611 /* GGTopWindowViewController.h */,
				A371CDBD23029D0D0049E611 /* GGTopWindowViewController.m */,
				A371CDBF2302A7490049E611 /* GGTabBarController.h */,
				A371CDC02302A7490049E611 /* GGTabBarController.m */,
			);
			path = Controller;
			sourceTree = "<group>";
		};
		A371CDB62302994E0049E611 /* Model */ = {
			isa = PBXGroup;
			children = (
			);
			path = Model;
			sourceTree = "<group>";
		};
		A371CDB72302994E0049E611 /* View */ = {
			isa = PBXGroup;
			children = (
				A371CDB923029AC70049E611 /* GGTopWindow.h */,
				A371CDBA23029AC70049E611 /* GGTopWindow.m */,
				A3DFBA212302C1D50006EEE3 /* GGTabBar.h */,
				A3DFBA222302C1D50006EEE3 /* GGTabBar.m */,
			);
			path = View;
			sourceTree = "<group>";
		};
		A371CDC82302B0630049E611 /* Home */ = {
			isa = PBXGroup;
			children = (
				A371CDCA2302B0630049E611 /* Model */,
				A371CDCB2302B0630049E611 /* View */,
				A371CDC92302B0630049E611 /* Controller */,
			);
			path = Home;
			sourceTree = "<group>";
		};
		A371CDC92302B0630049E611 /* Controller */ = {
			isa = PBXGroup;
			children = (
				A31D6C982303ED41007BB8AC /* Topic */,
				A371CDDB2302B2DC0049E611 /* GGHomeViewController.h */,
				A371CDDC2302B2DC0049E611 /* GGHomeViewController.m */,
				A31D6CAE23042FDA007BB8AC /* GGSeeBigImageViewController.h */,
				A31D6CAF23042FDA007BB8AC /* GGSeeBigImageViewController.m */,
				A31D6CB023042FDA007BB8AC /* GGSeeBigImageViewController.xib */,
			);
			path = Controller;
			sourceTree = "<group>";
		};
		A371CDCA2302B0630049E611 /* Model */ = {
			isa = PBXGroup;
			children = (
				A31D6C9C2303EE32007BB8AC /* GGTopic.h */,
				A31D6C9D2303EE32007BB8AC /* GGTopic.m */,
				A31D6C9F2303EE79007BB8AC /* GGComment.h */,
				A31D6CA02303EE79007BB8AC /* GGComment.m */,
				A31D6CA22303EE8F007BB8AC /* GGUser.h */,
				A31D6CA32303EE8F007BB8AC /* GGUser.m */,
				A33D9BE8230651DB004A6DD3 /* GGVideo.h */,
				A33D9BE9230651DB004A6DD3 /* GGVideo.m */,
				A33D9BEB23065E8E004A6DD3 /* GGImage.h */,
				A33D9BEC23065E8E004A6DD3 /* GGImage.m */,
				A33D9BEE23065EA1004A6DD3 /* GGGif.h */,
				A33D9BEF23065EA1004A6DD3 /* GGGif.m */,
			);
			path = Model;
			sourceTree = "<group>";
		};
		A371CDCB2302B0630049E611 /* View */ = {
			isa = PBXGroup;
			children = (
				A31D6CAA23042BE3007BB8AC /* Content */,
				A31D6CA52303F108007BB8AC /* GGTopicCell.h */,
				A31D6CA62303F108007BB8AC /* GGTopicCell.m */,
				A31D6CA72303F108007BB8AC /* GGTopicCell.xib */,
				A3AF9DBA2304669A00187C2C /* GGTitleButton.h */,
				A3AF9DBB2304669A00187C2C /* GGTitleButton.m */,
			);
			path = View;
			sourceTree = "<group>";
		};
		A3AF9DA4230453E800187C2C /* Vendor */ = {
			isa = PBXGroup;
			children = (
			);
			path = Vendor;
			sourceTree = "<group>";
		};
		A3AF9DA52304540400187C2C /* Util */ = {
			isa = PBXGroup;
			children = (
				A3AF9DD22305545700187C2C /* Video */,
				A3AF9DA723045B8E00187C2C /* DependView */,
				A3AF9DA62304572B00187C2C /* OC_Category */,
			);
			path = Util;
			sourceTree = "<group>";
		};
		A3AF9DA62304572B00187C2C /* OC_Category */ = {
			isa = PBXGroup;
			children = (
				A3DFBA322302CB840006EEE3 /* NSDate+GGExtension.h */,
				A3DFBA2F2302CB830006EEE3 /* NSDate+GGExtension.m */,
				A3DFBA332302CB840006EEE3 /* NSString+GGExtension.h */,
				A3DFBA372302CB850006EEE3 /* NSString+GGExtension.m */,
				A3DFBA2A2302CB830006EEE3 /* UIBarButtonItem+GGExtension.h */,
				A3DFBA302302CB830006EEE3 /* UIBarButtonItem+GGExtension.m */,
				A3DFBA2B2302CB830006EEE3 /* UIColor+GGExtension.h */,
				A3DFBA282302CB820006EEE3 /* UIColor+GGExtension.m */,
				A3DFBA2E2302CB830006EEE3 /* UIImage+GGExtension.h */,
				A3DFBA352302CB840006EEE3 /* UIImage+GGExtension.m */,
				A3DFBA362302CB840006EEE3 /* UIImageView+GGExtension.h */,
				A3DFBA342302CB840006EEE3 /* UIImageView+GGExtension.m */,
				A3DFBA2C2302CB830006EEE3 /* UITextField+GGExtension.h */,
				A3DFBA292302CB830006EEE3 /* UITextField+GGExtension.m */,
				A3DFBA252302C6120006EEE3 /* UIView+GGExtension.h */,
				A3DFBA262302C6120006EEE3 /* UIView+GGExtension.m */,
				A3AF9DC5230535E500187C2C /* UINavigation+GGFixSpace.h */,
				A3AF9DC6230535E500187C2C /* UINavigation+GGFixSpace.m */,
			);
			path = OC_Category;
			sourceTree = "<group>";
		};
		A3AF9DA723045B8E00187C2C /* DependView */ = {
			isa = PBXGroup;
			children = (
				A3AF9DAB23045D9400187C2C /* GGMyFooter.h */,
				A3AF9DAC23045D9400187C2C /* GGMyFooter.m */,
				A35067282306AD560053324F /* GGExtensionConfig.h */,
				A35067292306AD560053324F /* GGExtensionConfig.m */,
			);
			path = DependView;
			sourceTree = "<group>";
		};
		A3AF9DBD2304D81600187C2C /* New */ = {
			isa = PBXGroup;
			children = (
				A3AF9DBE2304D84600187C2C /* Model */,
				A3AF9DBF2304D85100187C2C /* View */,
				A3AF9DC02304D85A00187C2C /* Controller */,
			);
			path = New;
			sourceTree = "<group>";
		};
		A3AF9DBE2304D84600187C2C /* Model */ = {
			isa = PBXGroup;
			children = (
			);
			path = Model;
			sourceTree = "<group>";
		};
		A3AF9DBF2304D85100187C2C /* View */ = {
			isa = PBXGroup;
			children = (
			);
			path = View;
			sourceTree = "<group>";
		};
		A3AF9DC02304D85A00187C2C /* Controller */ = {
			isa = PBXGroup;
			children = (
				A3AF9DC12304D9AD00187C2C /* GGNewViewController.h */,
				A3AF9DC22304D9AD00187C2C /* GGNewViewController.m */,
			);
			path = Controller;
			sourceTree = "<group>";
		};
		A3AF9DD22305545700187C2C /* Video */ = {
			isa = PBXGroup;
			children = (
				A3AF9DD5230554C200187C2C /* GGPlayer.h */,
				A3AF9DD3230554C200187C2C /* GGPlayer.m */,
				A3AF9DD4230554C200187C2C /* NSBundle+GGPlayer.h */,
				A3AF9DD6230554C200187C2C /* NSBundle+GGPlayer.m */,
				A3AF9DD7230554C200187C2C /* Resource */,
			);
			path = Video;
			sourceTree = "<group>";
		};
		A3AF9DD7230554C200187C2C /* Resource */ = {
			isa = PBXGroup;
			children = (
				A3AF9DD8230554C200187C2C /* GGPlayer.bundle */,
			);
			path = Resource;
			sourceTree = "<group>";
		};
		A3DFBA1F2302B8EA0006EEE3 /* Images */ = {
			isa = PBXGroup;
			children = (
				A34F0A762303B83E0066BEB8 /* app_slogan_0101.png */,
				A34F0A772303B83E0066BEB8 /* app_slogan_0101@2x.png */,
				A34F0A752303B83E0066BEB8 /* app_slogan_0101@3x.png */,
			);
			path = Images;
			sourceTree = "<group>";
		};
		A3DFBA202302B9000006EEE3 /* Resources */ = {
			isa = PBXGroup;
			children = (
			);
			path = Resources;
			sourceTree = "<group>";
		};
/* End PBXGroup section */

/* Begin PBXNativeTarget section */
		A371CD6723028EC90049E611 /* Learning */ = {
			isa = PBXNativeTarget;
			buildConfigurationList = A371CD9423028ECB0049E611 /* Build configuration list for PBXNativeTarget "Learning" */;
			buildPhases = (
				05A356B2633BED2B84F7637F /* [CP] Check Pods Manifest.lock */,
				A371CD6423028EC90049E611 /* Sources */,
				A371CD6523028EC90049E611 /* Frameworks */,
				A371CD6623028EC90049E611 /* Resources */,
				B95AB38311906A2247491B91 /* [CP] Embed Pods Frameworks */,
			);
			buildRules = (
			);
			dependencies = (
			);
			name = Learning;
			productName = Learning;
			productReference = A371CD6823028EC90049E611 /* Learning.app */;
			productType = "com.apple.product-type.application";
		};
		A371CD7F23028ECB0049E611 /* LearningTests */ = {
			isa = PBXNativeTarget;
			buildConfigurationList = A371CD9723028ECB0049E611 /* Build configuration list for PBXNativeTarget "LearningTests" */;
			buildPhases = (
				4F88633DC4409199C7FE79D2 /* [CP] Check Pods Manifest.lock */,
				A371CD7C23028ECB0049E611 /* Sources */,
				A371CD7D23028ECB0049E611 /* Frameworks */,
				A371CD7E23028ECB0049E611 /* Resources */,
			);
			buildRules = (
			);
			dependencies = (
				A371CD8223028ECB0049E611 /* PBXTargetDependency */,
			);
			name = LearningTests;
			productName = LearningTests;
			productReference = A371CD8023028ECB0049E611 /* LearningTests.xctest */;
			productType = "com.apple.product-type.bundle.unit-test";
		};
		A371CD8A23028ECB0049E611 /* LearningUITests */ = {
			isa = PBXNativeTarget;
			buildConfigurationList = A371CD9A23028ECB0049E611 /* Build configuration list for PBXNativeTarget "LearningUITests" */;
			buildPhases = (
				23DD81A92D415B6AA7129A9E /* [CP] Check Pods Manifest.lock */,
				A371CD8723028ECB0049E611 /* Sources */,
				A371CD8823028ECB0049E611 /* Frameworks */,
				A371CD8923028ECB0049E611 /* Resources */,
			);
			buildRules = (
			);
			dependencies = (
				A371CD8D23028ECB0049E611 /* PBXTargetDependency */,
			);
			name = LearningUITests;
			productName = LearningUITests;
			productReference = A371CD8B23028ECB0049E611 /* LearningUITests.xctest */;
			productType = "com.apple.product-type.bundle.ui-testing";
		};
/* End PBXNativeTarget section */

/* Begin PBXProject section */
		A371CD6023028EC90049E611 /* Project object */ = {
			isa = PBXProject;
			attributes = {
				CLASSPREFIX = GG;
				LastUpgradeCheck = 1030;
				ORGANIZATIONNAME = caiyun;
				TargetAttributes = {
					A371CD6723028EC90049E611 = {
						CreatedOnToolsVersion = 10.3;
					};
					A371CD7F23028ECB0049E611 = {
						CreatedOnToolsVersion = 10.3;
						TestTargetID = A371CD6723028EC90049E611;
					};
					A371CD8A23028ECB0049E611 = {
						CreatedOnToolsVersion = 10.3;
						TestTargetID = A371CD6723028EC90049E611;
					};
				};
			};
			buildConfigurationList = A371CD6323028EC90049E611 /* Build configuration list for PBXProject "Learning" */;
			compatibilityVersion = "Xcode 9.3";
			developmentRegion = en;
			hasScannedForEncodings = 0;
			knownRegions = (
				en,
				Base,
			);
			mainGroup = A371CD5F23028EC90049E611;
			productRefGroup = A371CD6923028EC90049E611 /* Products */;
			projectDirPath = "";
			projectRoot = "";
			targets = (
				A371CD6723028EC90049E611 /* Learning */,
				A371CD7F23028ECB0049E611 /* LearningTests */,
				A371CD8A23028ECB0049E611 /* LearningUITests */,
			);
		};
/* End PBXProject section */

/* Begin PBXResourcesBuildPhase section */
		A371CD6623028EC90049E611 /* Resources */ = {
			isa = PBXResourcesBuildPhase;
			buildActionMask = 2147483647;
			files = (
				A31D6CA92303F108007BB8AC /* GGTopicCell.xib in Resources */,
				A34F0A7A2303B83E0066BEB8 /* app_slogan_0101@2x.png in Resources */,
				A33D9BE7230638C7004A6DD3 /* Assets.xcassets in Resources */,
				A3AF9DD123054C9A00187C2C /* GGTopicJokeView.xib in Resources */,
				A31D6CB7230434F3007BB8AC /* GGTopicPictureView.xib in Resources */,
				A34F0A782303B83E0066BEB8 /* app_slogan_0101@3x.png in Resources */,
				A3AF9DDB230554C200187C2C /* GGPlayer.bundle in Resources */,
				A3AF9DCC23054C2300187C2C /* GGTopicVideoView.xib in Resources */,
				A34F0A792303B83E0066BEB8 /* app_slogan_0101.png in Resources */,
				A31D6C972303D6A3007BB8AC /* Launch Screen.storyboard in Resources */,
				A31D6CB223042FDA007BB8AC /* GGSeeBigImageViewController.xib in Resources */,
			);
			runOnlyForDeploymentPostprocessing = 0;
		};
		A371CD7E23028ECB0049E611 /* Resources */ = {
			isa = PBXResourcesBuildPhase;
			buildActionMask = 2147483647;
			files = (
			);
			runOnlyForDeploymentPostprocessing = 0;
		};
		A371CD8923028ECB0049E611 /* Resources */ = {
			isa = PBXResourcesBuildPhase;
			buildActionMask = 2147483647;
			files = (
			);
			runOnlyForDeploymentPostprocessing = 0;
		};
/* End PBXResourcesBuildPhase section */

/* Begin PBXShellScriptBuildPhase section */
		05A356B2633BED2B84F7637F /* [CP] Check Pods Manifest.lock */ = {
			isa = PBXShellScriptBuildPhase;
			buildActionMask = 2147483647;
			files = (
			);
			inputFileListPaths = (
			);
			inputPaths = (
				"${PODS_PODFILE_DIR_PATH}/Podfile.lock",
				"${PODS_ROOT}/Manifest.lock",
			);
			name = "[CP] Check Pods Manifest.lock";
			outputFileListPaths = (
			);
			outputPaths = (
				"$(DERIVED_FILE_DIR)/Pods-Learning-checkManifestLockResult.txt",
			);
			runOnlyForDeploymentPostprocessing = 0;
			shellPath = /bin/sh;
			shellScript = "diff \"${PODS_PODFILE_DIR_PATH}/Podfile.lock\" \"${PODS_ROOT}/Manifest.lock\" > /dev/null\nif [ $? != 0 ] ; then\n    # print error to STDERR\n    echo \"error: The sandbox is not in sync with the Podfile.lock. Run 'pod install' or update your CocoaPods installation.\" >&2\n    exit 1\nfi\n# This output is used by Xcode 'outputs' to avoid re-running this script phase.\necho \"SUCCESS\" > \"${SCRIPT_OUTPUT_FILE_0}\"\n";
			showEnvVarsInLog = 0;
		};
		23DD81A92D415B6AA7129A9E /* [CP] Check Pods Manifest.lock */ = {
			isa = PBXShellScriptBuildPhase;
			buildActionMask = 2147483647;
			files = (
			);
			inputFileListPaths = (
			);
			inputPaths = (
				"${PODS_PODFILE_DIR_PATH}/Podfile.lock",
				"${PODS_ROOT}/Manifest.lock",
			);
			name = "[CP] Check Pods Manifest.lock";
			outputFileListPaths = (
			);
			outputPaths = (
				"$(DERIVED_FILE_DIR)/Pods-LearningUITests-checkManifestLockResult.txt",
			);
			runOnlyForDeploymentPostprocessing = 0;
			shellPath = /bin/sh;
			shellScript = "diff \"${PODS_PODFILE_DIR_PATH}/Podfile.lock\" \"${PODS_ROOT}/Manifest.lock\" > /dev/null\nif [ $? != 0 ] ; then\n    # print error to STDERR\n    echo \"error: The sandbox is not in sync with the Podfile.lock. Run 'pod install' or update your CocoaPods installation.\" >&2\n    exit 1\nfi\n# This output is used by Xcode 'outputs' to avoid re-running this script phase.\necho \"SUCCESS\" > \"${SCRIPT_OUTPUT_FILE_0}\"\n";
			showEnvVarsInLog = 0;
		};
		4F88633DC4409199C7FE79D2 /* [CP] Check Pods Manifest.lock */ = {
			isa = PBXShellScriptBuildPhase;
			buildActionMask = 2147483647;
			files = (
			);
			inputFileListPaths = (
			);
			inputPaths = (
				"${PODS_PODFILE_DIR_PATH}/Podfile.lock",
				"${PODS_ROOT}/Manifest.lock",
			);
			name = "[CP] Check Pods Manifest.lock";
			outputFileListPaths = (
			);
			outputPaths = (
				"$(DERIVED_FILE_DIR)/Pods-LearningTests-checkManifestLockResult.txt",
			);
			runOnlyForDeploymentPostprocessing = 0;
			shellPath = /bin/sh;
			shellScript = "diff \"${PODS_PODFILE_DIR_PATH}/Podfile.lock\" \"${PODS_ROOT}/Manifest.lock\" > /dev/null\nif [ $? != 0 ] ; then\n    # print error to STDERR\n    echo \"error: The sandbox is not in sync with the Podfile.lock. Run 'pod install' or update your CocoaPods installation.\" >&2\n    exit 1\nfi\n# This output is used by Xcode 'outputs' to avoid re-running this script phase.\necho \"SUCCESS\" > \"${SCRIPT_OUTPUT_FILE_0}\"\n";
			showEnvVarsInLog = 0;
		};
		B95AB38311906A2247491B91 /* [CP] Embed Pods Frameworks */ = {
			isa = PBXShellScriptBuildPhase;
			buildActionMask = 2147483647;
			files = (
			);
			inputFileListPaths = (
				"${PODS_ROOT}/Target Support Files/Pods-Learning/Pods-Learning-frameworks-${CONFIGURATION}-input-files.xcfilelist",
			);
			name = "[CP] Embed Pods Frameworks";
			outputFileListPaths = (
				"${PODS_ROOT}/Target Support Files/Pods-Learning/Pods-Learning-frameworks-${CONFIGURATION}-output-files.xcfilelist",
			);
			runOnlyForDeploymentPostprocessing = 0;
			shellPath = /bin/sh;
			shellScript = "\"${PODS_ROOT}/Target Support Files/Pods-Learning/Pods-Learning-frameworks.sh\"\n";
			showEnvVarsInLog = 0;
		};
/* End PBXShellScriptBuildPhase section */

/* Begin PBXSourcesBuildPhase section */
		A371CD6423028EC90049E611 /* Sources */ = {
			isa = PBXSourcesBuildPhase;
			buildActionMask = 2147483647;
			files = (
				A33D9BF023065EA1004A6DD3 /* GGGif.m in Sources */,
				A3AF9DC32304D9AD00187C2C /* GGNewViewController.m in Sources */,
				A31D6CA82303F108007BB8AC /* GGTopicCell.m in Sources */,
				A3DFBA3F2302CB850006EEE3 /* NSString+GGExtension.m in Sources */,
				A371CDB82302994E0049E611 /* AppDelegate.m in Sources */,
				A31D6CB5230434DF007BB8AC /* GGTopicPictureView.m in Sources */,
				A31D6C9B2303ED97007BB8AC /* GGTopicViewController.m in Sources */,
				A371CDE02302B3300049E611 /* GGCommunityViewController.m in Sources */,
				A3AF9DD9230554C200187C2C /* GGPlayer.m in Sources */,
				A31D6CA12303EE79007BB8AC /* GGComment.m in Sources */,
				A371CDC72302AE0E0049E611 /* GGNavigationController.m in Sources */,
				A3DFBA272302C6120006EEE3 /* UIView+GGExtension.m in Sources */,
				A3AF9DB02304634F00187C2C /* GGRecommendViewController.m in Sources */,
				A31D6CB123042FDA007BB8AC /* GGSeeBigImageViewController.m in Sources */,
				A3AF9DC7230535E500187C2C /* UINavigation+GGFixSpace.m in Sources */,
				A371CD7B23028ECB0049E611 /* main.m in Sources */,
				A3DFBA3D2302CB850006EEE3 /* UIImageView+GGExtension.m in Sources */,
				A3AF9DB9230463B900187C2C /* GGJokeViewController.m in Sources */,
				A3DFBA3B2302CB850006EEE3 /* NSDate+GGExtension.m in Sources */,
				A3AF9DB32304637C00187C2C /* GGVideoViewController.m in Sources */,
				A3AF9DBC2304669A00187C2C /* GGTitleButton.m in Sources */,
				A3DFBA3E2302CB850006EEE3 /* UIImage+GGExtension.m in Sources */,
				A371CDDD2302B2DC0049E611 /* GGHomeViewController.m in Sources */,
				A350672A2306AD560053324F /* GGExtensionConfig.m in Sources */,
				A3AF9DCF23054C7900187C2C /* GGTopicJokeView.m in Sources */,
				A3AF9DDA230554C200187C2C /* NSBundle+GGPlayer.m in Sources */,
				A3DFBA3C2302CB850006EEE3 /* UIBarButtonItem+GGExtension.m in Sources */,
				A31D6CAD23042C1F007BB8AC /* GGTopicContentView.m in Sources */,
				A3AF9DCA23054C0400187C2C /* GGTopicVideoView.m in Sources */,
				A3DFBA382302CB850006EEE3 /* UIColor+GGExtension.m in Sources */,
				A371CDBB23029AC70049E611 /* GGTopWindow.m in Sources */,
				A33D9BEA230651DB004A6DD3 /* GGVideo.m in Sources */,
				A371CDC12302A7490049E611 /* GGTabBarController.m in Sources */,
				A31D6CA42303EE8F007BB8AC /* GGUser.m in Sources */,
				A31D6C9E2303EE32007BB8AC /* GGTopic.m in Sources */,
				A371CDE32302B3780049E611 /* GGFollowViewController.m in Sources */,
				A3DFBA392302CB850006EEE3 /* UITextField+GGExtension.m in Sources */,
				A371CDBE23029D0D0049E611 /* GGTopWindowViewController.m in Sources */,
				A3DFBA232302C1D50006EEE3 /* GGTabBar.m in Sources */,
				A3DFBA422302D2150006EEE3 /* GGConst.m in Sources */,
				A3AF9DB62304639400187C2C /* GGPictureViewController.m in Sources */,
				A33D9BED23065E8E004A6DD3 /* GGImage.m in Sources */,
				A371CDE62302B3A30049E611 /* GGMeViewController.m in Sources */,
				A3AF9DAD23045D9400187C2C /* GGMyFooter.m in Sources */,
			);
			runOnlyForDeploymentPostprocessing = 0;
		};
		A371CD7C23028ECB0049E611 /* Sources */ = {
			isa = PBXSourcesBuildPhase;
			buildActionMask = 2147483647;
			files = (
				A371CD8523028ECB0049E611 /* LearningTests.m in Sources */,
			);
			runOnlyForDeploymentPostprocessing = 0;
		};
		A371CD8723028ECB0049E611 /* Sources */ = {
			isa = PBXSourcesBuildPhase;
			buildActionMask = 2147483647;
			files = (
				A371CD9023028ECB0049E611 /* LearningUITests.m in Sources */,
			);
			runOnlyForDeploymentPostprocessing = 0;
		};
/* End PBXSourcesBuildPhase section */

/* Begin PBXTargetDependency section */
		A371CD8223028ECB0049E611 /* PBXTargetDependency */ = {
			isa = PBXTargetDependency;
			target = A371CD6723028EC90049E611 /* Learning */;
			targetProxy = A371CD8123028ECB0049E611 /* PBXContainerItemProxy */;
		};
		A371CD8D23028ECB0049E611 /* PBXTargetDependency */ = {
			isa = PBXTargetDependency;
			target = A371CD6723028EC90049E611 /* Learning */;
			targetProxy = A371CD8C23028ECB0049E611 /* PBXContainerItemProxy */;
		};
/* End PBXTargetDependency section */

/* Begin XCBuildConfiguration section */
		A371CD9223028ECB0049E611 /* Debug */ = {
			isa = XCBuildConfiguration;
			buildSettings = {
				ALWAYS_SEARCH_USER_PATHS = NO;
				CLANG_ANALYZER_NONNULL = YES;
				CLANG_ANALYZER_NUMBER_OBJECT_CONVERSION = YES_AGGRESSIVE;
				CLANG_CXX_LANGUAGE_STANDARD = "gnu++14";
				CLANG_CXX_LIBRARY = "libc++";
				CLANG_ENABLE_MODULES = YES;
				CLANG_ENABLE_OBJC_ARC = YES;
				CLANG_ENABLE_OBJC_WEAK = YES;
				CLANG_WARN_BLOCK_CAPTURE_AUTORELEASING = YES;
				CLANG_WARN_BOOL_CONVERSION = YES;
				CLANG_WARN_COMMA = YES;
				CLANG_WARN_CONSTANT_CONVERSION = YES;
				CLANG_WARN_DEPRECATED_OBJC_IMPLEMENTATIONS = YES;
				CLANG_WARN_DIRECT_OBJC_ISA_USAGE = YES_ERROR;
				CLANG_WARN_DOCUMENTATION_COMMENTS = YES;
				CLANG_WARN_EMPTY_BODY = YES;
				CLANG_WARN_ENUM_CONVERSION = YES;
				CLANG_WARN_INFINITE_RECURSION = YES;
				CLANG_WARN_INT_CONVERSION = YES;
				CLANG_WARN_NON_LITERAL_NULL_CONVERSION = YES;
				CLANG_WARN_OBJC_IMPLICIT_RETAIN_SELF = YES;
				CLANG_WARN_OBJC_LITERAL_CONVERSION = YES;
				CLANG_WARN_OBJC_ROOT_CLASS = YES_ERROR;
				CLANG_WARN_RANGE_LOOP_ANALYSIS = YES;
				CLANG_WARN_STRICT_PROTOTYPES = YES;
				CLANG_WARN_SUSPICIOUS_MOVE = YES;
				CLANG_WARN_UNGUARDED_AVAILABILITY = YES_AGGRESSIVE;
				CLANG_WARN_UNREACHABLE_CODE = YES;
				CLANG_WARN__DUPLICATE_METHOD_MATCH = YES;
				CODE_SIGN_IDENTITY = "iPhone Developer";
				COPY_PHASE_STRIP = NO;
				DEBUG_INFORMATION_FORMAT = dwarf;
				ENABLE_STRICT_OBJC_MSGSEND = YES;
				ENABLE_TESTABILITY = YES;
				GCC_C_LANGUAGE_STANDARD = gnu11;
				GCC_DYNAMIC_NO_PIC = NO;
				GCC_NO_COMMON_BLOCKS = YES;
				GCC_OPTIMIZATION_LEVEL = 0;
				GCC_PREPROCESSOR_DEFINITIONS = (
					"DEBUG=1",
					"$(inherited)",
				);
				GCC_WARN_64_TO_32_BIT_CONVERSION = YES;
				GCC_WARN_ABOUT_RETURN_TYPE = YES_ERROR;
				GCC_WARN_UNDECLARED_SELECTOR = YES;
				GCC_WARN_UNINITIALIZED_AUTOS = YES_AGGRESSIVE;
				GCC_WARN_UNUSED_FUNCTION = YES;
				GCC_WARN_UNUSED_VARIABLE = YES;
				IPHONEOS_DEPLOYMENT_TARGET = 12.4;
				MTL_ENABLE_DEBUG_INFO = INCLUDE_SOURCE;
				MTL_FAST_MATH = YES;
				ONLY_ACTIVE_ARCH = YES;
				SDKROOT = iphoneos;
			};
			name = Debug;
		};
		A371CD9323028ECB0049E611 /* Release */ = {
			isa = XCBuildConfiguration;
			buildSettings = {
				ALWAYS_SEARCH_USER_PATHS = NO;
				CLANG_ANALYZER_NONNULL = YES;
				CLANG_ANALYZER_NUMBER_OBJECT_CONVERSION = YES_AGGRESSIVE;
				CLANG_CXX_LANGUAGE_STANDARD = "gnu++14";
				CLANG_CXX_LIBRARY = "libc++";
				CLANG_ENABLE_MODULES = YES;
				CLANG_ENABLE_OBJC_ARC = YES;
				CLANG_ENABLE_OBJC_WEAK = YES;
				CLANG_WARN_BLOCK_CAPTURE_AUTORELEASING = YES;
				CLANG_WARN_BOOL_CONVERSION = YES;
				CLANG_WARN_COMMA = YES;
				CLANG_WARN_CONSTANT_CONVERSION = YES;
				CLANG_WARN_DEPRECATED_OBJC_IMPLEMENTATIONS = YES;
				CLANG_WARN_DIRECT_OBJC_ISA_USAGE = YES_ERROR;
				CLANG_WARN_DOCUMENTATION_COMMENTS = YES;
				CLANG_WARN_EMPTY_BODY = YES;
				CLANG_WARN_ENUM_CONVERSION = YES;
				CLANG_WARN_INFINITE_RECURSION = YES;
				CLANG_WARN_INT_CONVERSION = YES;
				CLANG_WARN_NON_LITERAL_NULL_CONVERSION = YES;
				CLANG_WARN_OBJC_IMPLICIT_RETAIN_SELF = YES;
				CLANG_WARN_OBJC_LITERAL_CONVERSION = YES;
				CLANG_WARN_OBJC_ROOT_CLASS = YES_ERROR;
				CLANG_WARN_RANGE_LOOP_ANALYSIS = YES;
				CLANG_WARN_STRICT_PROTOTYPES = YES;
				CLANG_WARN_SUSPICIOUS_MOVE = YES;
				CLANG_WARN_UNGUARDED_AVAILABILITY = YES_AGGRESSIVE;
				CLANG_WARN_UNREACHABLE_CODE = YES;
				CLANG_WARN__DUPLICATE_METHOD_MATCH = YES;
				CODE_SIGN_IDENTITY = "iPhone Developer";
				COPY_PHASE_STRIP = NO;
				DEBUG_INFORMATION_FORMAT = "dwarf-with-dsym";
				ENABLE_NS_ASSERTIONS = NO;
				ENABLE_STRICT_OBJC_MSGSEND = YES;
				GCC_C_LANGUAGE_STANDARD = gnu11;
				GCC_NO_COMMON_BLOCKS = YES;
				GCC_WARN_64_TO_32_BIT_CONVERSION = YES;
				GCC_WARN_ABOUT_RETURN_TYPE = YES_ERROR;
				GCC_WARN_UNDECLARED_SELECTOR = YES;
				GCC_WARN_UNINITIALIZED_AUTOS = YES_AGGRESSIVE;
				GCC_WARN_UNUSED_FUNCTION = YES;
				GCC_WARN_UNUSED_VARIABLE = YES;
				IPHONEOS_DEPLOYMENT_TARGET = 12.4;
				MTL_ENABLE_DEBUG_INFO = NO;
				MTL_FAST_MATH = YES;
				SDKROOT = iphoneos;
				VALIDATE_PRODUCT = YES;
			};
			name = Release;
		};
		A371CD9523028ECB0049E611 /* Debug */ = {
			isa = XCBuildConfiguration;
			baseConfigurationReference = 97B4597D732577E331FCF683 /* Pods-Learning.debug.xcconfig */;
			buildSettings = {
				ASSETCATALOG_COMPILER_APPICON_NAME = AppIcon;
				CODE_SIGN_STYLE = Automatic;
				DEVELOPMENT_TEAM = LG5YBJ8PMH;
				GCC_PRECOMPILE_PREFIX_HEADER = YES;
				GCC_PREFIX_HEADER = "/Users/longchao/Documents/Learning/Learning/Learning/Learning-Prefix.pch";
				INFOPLIST_FILE = Learning/Info.plist;
				IPHONEOS_DEPLOYMENT_TARGET = 9.0;
				LD_RUNPATH_SEARCH_PATHS = (
					"$(inherited)",
					"@executable_path/Frameworks",
				);
				PRODUCT_BUNDLE_IDENTIFIER = cn.5caiyun.Learning;
				PRODUCT_NAME = "$(TARGET_NAME)";
				TARGETED_DEVICE_FAMILY = 1;
			};
			name = Debug;
		};
		A371CD9623028ECB0049E611 /* Release */ = {
			isa = XCBuildConfiguration;
			baseConfigurationReference = 236B88DA3D6454BC24F6A380 /* Pods-Learning.release.xcconfig */;
			buildSettings = {
				ASSETCATALOG_COMPILER_APPICON_NAME = AppIcon;
				CODE_SIGN_STYLE = Automatic;
				DEVELOPMENT_TEAM = LG5YBJ8PMH;
				GCC_PRECOMPILE_PREFIX_HEADER = YES;
				GCC_PREFIX_HEADER = "/Users/longchao/Documents/Learning/Learning/Learning/Learning-Prefix.pch";
				INFOPLIST_FILE = Learning/Info.plist;
				IPHONEOS_DEPLOYMENT_TARGET = 9.0;
				LD_RUNPATH_SEARCH_PATHS = (
					"$(inherited)",
					"@executable_path/Frameworks",
				);
				PRODUCT_BUNDLE_IDENTIFIER = cn.5caiyun.Learning;
				PRODUCT_NAME = "$(TARGET_NAME)";
				TARGETED_DEVICE_FAMILY = 1;
			};
			name = Release;
		};
		A371CD9823028ECB0049E611 /* Debug */ = {
			isa = XCBuildConfiguration;
			baseConfigurationReference = 081923D1899F157C818042E1 /* Pods-LearningTests.debug.xcconfig */;
			buildSettings = {
				BUNDLE_LOADER = "$(TEST_HOST)";
				CODE_SIGN_STYLE = Automatic;
				INFOPLIST_FILE = LearningTests/Info.plist;
				LD_RUNPATH_SEARCH_PATHS = (
					"$(inherited)",
					"@executable_path/Frameworks",
					"@loader_path/Frameworks",
				);
				PRODUCT_BUNDLE_IDENTIFIER = cn.5caiyun.LearningTests;
				PRODUCT_NAME = "$(TARGET_NAME)";
				TARGETED_DEVICE_FAMILY = "1,2";
				TEST_HOST = "$(BUILT_PRODUCTS_DIR)/Learning.app/Learning";
			};
			name = Debug;
		};
		A371CD9923028ECB0049E611 /* Release */ = {
			isa = XCBuildConfiguration;
			baseConfigurationReference = 0006FFE2628E410E4B599EE9 /* Pods-LearningTests.release.xcconfig */;
			buildSettings = {
				BUNDLE_LOADER = "$(TEST_HOST)";
				CODE_SIGN_STYLE = Automatic;
				INFOPLIST_FILE = LearningTests/Info.plist;
				LD_RUNPATH_SEARCH_PATHS = (
					"$(inherited)",
					"@executable_path/Frameworks",
					"@loader_path/Frameworks",
				);
				PRODUCT_BUNDLE_IDENTIFIER = cn.5caiyun.LearningTests;
				PRODUCT_NAME = "$(TARGET_NAME)";
				TARGETED_DEVICE_FAMILY = "1,2";
				TEST_HOST = "$(BUILT_PRODUCTS_DIR)/Learning.app/Learning";
			};
			name = Release;
		};
		A371CD9B23028ECB0049E611 /* Debug */ = {
			isa = XCBuildConfiguration;
			baseConfigurationReference = 8EC177520E11C29A4F644E5D /* Pods-LearningUITests.debug.xcconfig */;
			buildSettings = {
				CODE_SIGN_STYLE = Automatic;
				INFOPLIST_FILE = LearningUITests/Info.plist;
				LD_RUNPATH_SEARCH_PATHS = (
					"$(inherited)",
					"@executable_path/Frameworks",
					"@loader_path/Frameworks",
				);
				PRODUCT_BUNDLE_IDENTIFIER = cn.5caiyun.LearningUITests;
				PRODUCT_NAME = "$(TARGET_NAME)";
				TARGETED_DEVICE_FAMILY = "1,2";
				TEST_TARGET_NAME = Learning;
			};
			name = Debug;
		};
		A371CD9C23028ECB0049E611 /* Release */ = {
			isa = XCBuildConfiguration;
			baseConfigurationReference = 1ED8E215F596919E54A4CE68 /* Pods-LearningUITests.release.xcconfig */;
			buildSettings = {
				CODE_SIGN_STYLE = Automatic;
				INFOPLIST_FILE = LearningUITests/Info.plist;
				LD_RUNPATH_SEARCH_PATHS = (
					"$(inherited)",
					"@executable_path/Frameworks",
					"@loader_path/Frameworks",
				);
				PRODUCT_BUNDLE_IDENTIFIER = cn.5caiyun.LearningUITests;
				PRODUCT_NAME = "$(TARGET_NAME)";
				TARGETED_DEVICE_FAMILY = "1,2";
				TEST_TARGET_NAME = Learning;
			};
			name = Release;
		};
/* End XCBuildConfiguration section */

/* Begin XCConfigurationList section */
		A371CD6323028EC90049E611 /* Build configuration list for PBXProject "Learning" */ = {
			isa = XCConfigurationList;
			buildConfigurations = (
				A371CD9223028ECB0049E611 /* Debug */,
				A371CD9323028ECB0049E611 /* Release */,
			);
			defaultConfigurationIsVisible = 0;
			defaultConfigurationName = Release;
		};
		A371CD9423028ECB0049E611 /* Build configuration list for PBXNativeTarget "Learning" */ = {
			isa = XCConfigurationList;
			buildConfigurations = (
				A371CD9523028ECB0049E611 /* Debug */,
				A371CD9623028ECB0049E611 /* Release */,
			);
			defaultConfigurationIsVisible = 0;
			defaultConfigurationName = Release;
		};
		A371CD9723028ECB0049E611 /* Build configuration list for PBXNativeTarget "LearningTests" */ = {
			isa = XCConfigurationList;
			buildConfigurations = (
				A371CD9823028ECB0049E611 /* Debug */,
				A371CD9923028ECB0049E611 /* Release */,
			);
			defaultConfigurationIsVisible = 0;
			defaultConfigurationName = Release;
		};
		A371CD9A23028ECB0049E611 /* Build configuration list for PBXNativeTarget "LearningUITests" */ = {
			isa = XCConfigurationList;
			buildConfigurations = (
				A371CD9B23028ECB0049E611 /* Debug */,
				A371CD9C23028ECB0049E611 /* Release */,
			);
			defaultConfigurationIsVisible = 0;
			defaultConfigurationName = Release;
		};
/* End XCConfigurationList section */
	};
	rootObject = A371CD6023028EC90049E611 /* Project object */;
}
